
Microsoft Visual Studio Solution File, Format Version 11.00
# Visual Studio 2010
Project("{FAE04EC0-301F-11D3-BF4B-00C04F79EFBC}") = "Common", "Common\Common.csproj", "{E3D8759A-C5EB-402D-9F10-F5C6029A8D1A}"
EndProject
Project("{FAE04EC0-301F-11D3-BF4B-00C04F79EFBC}") = "BLL", "BLL\BLL.csproj", "{CE98C812-DC12-483D-9D7A-CA3AEC6647C0}"
EndProject
Project("{FAE04EC0-301F-11D3-BF4B-00C04F79EFBC}") = "Model", "Model\Model\Model.csproj", "{26E2E721-3AC0-48E1-85A4-650AF916CAA7}"
EndProject
Project("{FAE04EC0-301F-11D3-BF4B-00C04F79EFBC}") = "DBUtility", "DBUtility\DBUtility.csproj", "{D008443F-7DF6-425E-9852-15112E4CF090}"
EndProject
Project("{FAE04EC0-301F-11D3-BF4B-00C04F79EFBC}") = "DALFactory", "DALFactory\DALFactory.csproj", "{695D694D-CDD0-44F3-9406-42542C541F1E}"
EndProject
Project("{FAE04EC0-301F-11D3-BF4B-00C04F79EFBC}") = "AccessDAL", "AccessDAL\AccessDAL.csproj", "{FC3254C9-F0FD-4CAB-AD0E-89FBF7CE7EA2}"
EndProject
Project("{FAE04EC0-301F-11D3-BF4B-00C04F79EFBC}") = "IDAL", "IDAL\IDAL.csproj", "{BE54FDFF-3C56-4FD1-A266-BA84BEDE2BF8}"
EndProject
Project("{FAE04EC0-301F-11D3-BF4B-00C04F79EFBC}") = "Updater", "Updater\Updater.csproj", "{C02CE1C2-2329-4321-8D1C-D62EFC227E60}"
EndProject
Project("{2150E333-8FDC-42A3-9474-1A3956D46DE8}") = "公共类", "公共类", "{70BF19E7-4387-4A82-BFC8-11DD6C55B42A}"
EndProject
Project("{FAE04EC0-301F-11D3-BF4B-00C04F79EFBC}") = "SQLServerDAL", "SQLServerDAL\SQLServerDAL.csproj", "{277B6F7F-24D0-443D-9E6D-084FEADD52D2}"
EndProject
Project("{2CFEAB61-6A3B-4EB8-B523-560B4BEEF521}") = "WebUI_deploy", "WebUI_deploy\WebUI_deploy.wdproj", "{7E38A93C-6DF0-46BC-8EFA-7ECE73C0EDDB}"
EndProject
Project("{FAE04EC0-301F-11D3-BF4B-00C04F79EFBC}") = "SQLiteDAL", "SQLiteDAL\SQLiteDAL.csproj", "{E93922BB-3D49-422C-B95E-CF42B68DDDC8}"
EndProject
Project("{E24C65DC-7377-472B-9ABA-BC803B73C61A}") = "WebUI", "WebUI\", "{6DE04AD1-7C98-44CA-A6C1-4F3D46CB143D}"
	ProjectSection(WebsiteProperties) = preProject
		TargetFrameworkMoniker = ".NETFramework,Version%3Dv4.0"
		ProjectReferences = "{FC3254C9-F0FD-4CAB-AD0E-89FBF7CE7EA2}|Dukey.AccessDAL.dll;{D008443F-7DF6-425E-9852-15112E4CF090}|Dukey.DBUtility.dll;{BE54FDFF-3C56-4FD1-A266-BA84BEDE2BF8}|Dukey.IDAL.dll;{26E2E721-3AC0-48E1-85A4-650AF916CAA7}|Dukey.Model.dll;{CE98C812-DC12-483D-9D7A-CA3AEC6647C0}|Dukey.BLL.dll;{695D694D-CDD0-44F3-9406-42542C541F1E}|Dukey.DALFactory.dll;{C02CE1C2-2329-4321-8D1C-D62EFC227E60}|Dukey.Updater.dll;{277B6F7F-24D0-443D-9E6D-084FEADD52D2}|Dukey.SQLServerDAL.dll;{E93922BB-3D49-422C-B95E-CF42B68DDDC8}|Dukey.SQLiteDAL.dll;{E3D8759A-C5EB-402D-9F10-F5C6029A8D1A}|Dukey.Common.dll;"
		Debug.AspNetCompiler.VirtualPath = "/WebUI"
		Debug.AspNetCompiler.PhysicalPath = "WebUI\"
		Debug.AspNetCompiler.TargetPath = "PrecompiledWeb\WebUI\"
		Debug.AspNetCompiler.Updateable = "true"
		Debug.AspNetCompiler.ForceOverwrite = "true"
		Debug.AspNetCompiler.FixedNames = "false"
		Debug.AspNetCompiler.Debug = "True"
		Release.AspNetCompiler.VirtualPath = "/WebUI"
		Release.AspNetCompiler.PhysicalPath = "WebUI\"
		Release.AspNetCompiler.TargetPath = "PrecompiledWeb\WebUI\"
		Release.AspNetCompiler.Updateable = "true"
		Release.AspNetCompiler.ForceOverwrite = "true"
		Release.AspNetCompiler.FixedNames = "false"
		Release.AspNetCompiler.Debug = "False"
		VWDPort = "3795"
	EndProjectSection
EndProject
Global
	GlobalSection(SubversionScc) = preSolution
		Svn-Managed = True
		Manager = AnkhSVN - Subversion Support for Visual Studio
	EndGlobalSection
	GlobalSection(SolutionConfigurationPlatforms) = preSolution
		Debug|Any CPU = Debug|Any CPU
		Release|Any CPU = Release|Any CPU
		只调试|Any CPU = 只调试|Any CPU
	EndGlobalSection
	GlobalSection(ProjectConfigurationPlatforms) = postSolution
		{E3D8759A-C5EB-402D-9F10-F5C6029A8D1A}.Debug|Any CPU.ActiveCfg = Debug|Any CPU
		{E3D8759A-C5EB-402D-9F10-F5C6029A8D1A}.Debug|Any CPU.Build.0 = Debug|Any CPU
		{E3D8759A-C5EB-402D-9F10-F5C6029A8D1A}.Release|Any CPU.ActiveCfg = Release|Any CPU
		{E3D8759A-C5EB-402D-9F10-F5C6029A8D1A}.Release|Any CPU.Build.0 = Release|Any CPU
		{E3D8759A-C5EB-402D-9F10-F5C6029A8D1A}.只调试|Any CPU.ActiveCfg = 只调试|Any CPU
		{E3D8759A-C5EB-402D-9F10-F5C6029A8D1A}.只调试|Any CPU.Build.0 = 只调试|Any CPU
		{CE98C812-DC12-483D-9D7A-CA3AEC6647C0}.Debug|Any CPU.ActiveCfg = Debug|Any CPU
		{CE98C812-DC12-483D-9D7A-CA3AEC6647C0}.Debug|Any CPU.Build.0 = Debug|Any CPU
		{CE98C812-DC12-483D-9D7A-CA3AEC6647C0}.Release|Any CPU.ActiveCfg = Release|Any CPU
		{CE98C812-DC12-483D-9D7A-CA3AEC6647C0}.Release|Any CPU.Build.0 = Release|Any CPU
		{CE98C812-DC12-483D-9D7A-CA3AEC6647C0}.只调试|Any CPU.ActiveCfg = 只调试|Any CPU
		{CE98C812-DC12-483D-9D7A-CA3AEC6647C0}.只调试|Any CPU.Build.0 = 只调试|Any CPU
		{26E2E721-3AC0-48E1-85A4-650AF916CAA7}.Debug|Any CPU.ActiveCfg = Debug|Any CPU
		{26E2E721-3AC0-48E1-85A4-650AF916CAA7}.Debug|Any CPU.Build.0 = Debug|Any CPU
		{26E2E721-3AC0-48E1-85A4-650AF916CAA7}.Release|Any CPU.ActiveCfg = Release|Any CPU
		{26E2E721-3AC0-48E1-85A4-650AF916CAA7}.Release|Any CPU.Build.0 = Release|Any CPU
		{26E2E721-3AC0-48E1-85A4-650AF916CAA7}.只调试|Any CPU.ActiveCfg = 只调试|Any CPU
		{26E2E721-3AC0-48E1-85A4-650AF916CAA7}.只调试|Any CPU.Build.0 = 只调试|Any CPU
		{D008443F-7DF6-425E-9852-15112E4CF090}.Debug|Any CPU.ActiveCfg = Debug|Any CPU
		{D008443F-7DF6-425E-9852-15112E4CF090}.Debug|Any CPU.Build.0 = Debug|Any CPU
		{D008443F-7DF6-425E-9852-15112E4CF090}.Release|Any CPU.ActiveCfg = Release|Any CPU
		{D008443F-7DF6-425E-9852-15112E4CF090}.Release|Any CPU.Build.0 = Release|Any CPU
		{D008443F-7DF6-425E-9852-15112E4CF090}.只调试|Any CPU.ActiveCfg = 只调试|Any CPU
		{D008443F-7DF6-425E-9852-15112E4CF090}.只调试|Any CPU.Build.0 = 只调试|Any CPU
		{695D694D-CDD0-44F3-9406-42542C541F1E}.Debug|Any CPU.ActiveCfg = Debug|Any CPU
		{695D694D-CDD0-44F3-9406-42542C541F1E}.Debug|Any CPU.Build.0 = Debug|Any CPU
		{695D694D-CDD0-44F3-9406-42542C541F1E}.Release|Any CPU.ActiveCfg = Release|Any CPU
		{695D694D-CDD0-44F3-9406-42542C541F1E}.Release|Any CPU.Build.0 = Release|Any CPU
		{695D694D-CDD0-44F3-9406-42542C541F1E}.只调试|Any CPU.ActiveCfg = 只调试|Any CPU
		{695D694D-CDD0-44F3-9406-42542C541F1E}.只调试|Any CPU.Build.0 = 只调试|Any CPU
		{FC3254C9-F0FD-4CAB-AD0E-89FBF7CE7EA2}.Debug|Any CPU.ActiveCfg = Debug|Any CPU
		{FC3254C9-F0FD-4CAB-AD0E-89FBF7CE7EA2}.Debug|Any CPU.Build.0 = Debug|Any CPU
		{FC3254C9-F0FD-4CAB-AD0E-89FBF7CE7EA2}.Release|Any CPU.ActiveCfg = Release|Any CPU
		{FC3254C9-F0FD-4CAB-AD0E-89FBF7CE7EA2}.Release|Any CPU.Build.0 = Release|Any CPU
		{FC3254C9-F0FD-4CAB-AD0E-89FBF7CE7EA2}.只调试|Any CPU.ActiveCfg = 只调试|Any CPU
		{FC3254C9-F0FD-4CAB-AD0E-89FBF7CE7EA2}.只调试|Any CPU.Build.0 = 只调试|Any CPU
		{BE54FDFF-3C56-4FD1-A266-BA84BEDE2BF8}.Debug|Any CPU.ActiveCfg = Debug|Any CPU
		{BE54FDFF-3C56-4FD1-A266-BA84BEDE2BF8}.Debug|Any CPU.Build.0 = Debug|Any CPU
		{BE54FDFF-3C56-4FD1-A266-BA84BEDE2BF8}.Release|Any CPU.ActiveCfg = Release|Any CPU
		{BE54FDFF-3C56-4FD1-A266-BA84BEDE2BF8}.Release|Any CPU.Build.0 = Release|Any CPU
		{BE54FDFF-3C56-4FD1-A266-BA84BEDE2BF8}.只调试|Any CPU.ActiveCfg = 只调试|Any CPU
		{BE54FDFF-3C56-4FD1-A266-BA84BEDE2BF8}.只调试|Any CPU.Build.0 = 只调试|Any CPU
		{C02CE1C2-2329-4321-8D1C-D62EFC227E60}.Debug|Any CPU.ActiveCfg = Debug|Any CPU
		{C02CE1C2-2329-4321-8D1C-D62EFC227E60}.Debug|Any CPU.Build.0 = Debug|Any CPU
		{C02CE1C2-2329-4321-8D1C-D62EFC227E60}.Release|Any CPU.ActiveCfg = Release|Any CPU
		{C02CE1C2-2329-4321-8D1C-D62EFC227E60}.Release|Any CPU.Build.0 = Release|Any CPU
		{C02CE1C2-2329-4321-8D1C-D62EFC227E60}.只调试|Any CPU.ActiveCfg = Release|Any CPU
		{277B6F7F-24D0-443D-9E6D-084FEADD52D2}.Debug|Any CPU.ActiveCfg = Debug|Any CPU
		{277B6F7F-24D0-443D-9E6D-084FEADD52D2}.Debug|Any CPU.Build.0 = Debug|Any CPU
		{277B6F7F-24D0-443D-9E6D-084FEADD52D2}.Release|Any CPU.ActiveCfg = Release|Any CPU
		{277B6F7F-24D0-443D-9E6D-084FEADD52D2}.Release|Any CPU.Build.0 = Release|Any CPU
		{277B6F7F-24D0-443D-9E6D-084FEADD52D2}.只调试|Any CPU.ActiveCfg = 只调试|Any CPU
		{277B6F7F-24D0-443D-9E6D-084FEADD52D2}.只调试|Any CPU.Build.0 = 只调试|Any CPU
		{7E38A93C-6DF0-46BC-8EFA-7ECE73C0EDDB}.Debug|Any CPU.ActiveCfg = Debug|Any CPU
		{7E38A93C-6DF0-46BC-8EFA-7ECE73C0EDDB}.Release|Any CPU.ActiveCfg = Release|Any CPU
		{7E38A93C-6DF0-46BC-8EFA-7ECE73C0EDDB}.Release|Any CPU.Build.0 = Release|Any CPU
		{7E38A93C-6DF0-46BC-8EFA-7ECE73C0EDDB}.只调试|Any CPU.ActiveCfg = Release|Any CPU
		{E93922BB-3D49-422C-B95E-CF42B68DDDC8}.Debug|Any CPU.ActiveCfg = Debug|Any CPU
		{E93922BB-3D49-422C-B95E-CF42B68DDDC8}.Debug|Any CPU.Build.0 = Debug|Any CPU
		{E93922BB-3D49-422C-B95E-CF42B68DDDC8}.Release|Any CPU.ActiveCfg = Release|Any CPU
		{E93922BB-3D49-422C-B95E-CF42B68DDDC8}.Release|Any CPU.Build.0 = Release|Any CPU
		{E93922BB-3D49-422C-B95E-CF42B68DDDC8}.只调试|Any CPU.ActiveCfg = Release|Any CPU
		{E93922BB-3D49-422C-B95E-CF42B68DDDC8}.只调试|Any CPU.Build.0 = Release|Any CPU
		{6DE04AD1-7C98-44CA-A6C1-4F3D46CB143D}.Debug|Any CPU.ActiveCfg = Debug|Any CPU
		{6DE04AD1-7C98-44CA-A6C1-4F3D46CB143D}.Debug|Any CPU.Build.0 = Debug|Any CPU
		{6DE04AD1-7C98-44CA-A6C1-4F3D46CB143D}.Release|Any CPU.ActiveCfg = Debug|Any CPU
		{6DE04AD1-7C98-44CA-A6C1-4F3D46CB143D}.Release|Any CPU.Build.0 = Debug|Any CPU
		{6DE04AD1-7C98-44CA-A6C1-4F3D46CB143D}.只调试|Any CPU.ActiveCfg = Debug|Any CPU
		{6DE04AD1-7C98-44CA-A6C1-4F3D46CB143D}.只调试|Any CPU.Build.0 = Debug|Any CPU
	EndGlobalSection
	GlobalSection(SolutionProperties) = preSolution
		HideSolutionNode = FALSE
	EndGlobalSection
	GlobalSection(NestedProjects) = preSolution
		{CE98C812-DC12-483D-9D7A-CA3AEC6647C0} = {70BF19E7-4387-4A82-BFC8-11DD6C55B42A}
		{26E2E721-3AC0-48E1-85A4-650AF916CAA7} = {70BF19E7-4387-4A82-BFC8-11DD6C55B42A}
		{D008443F-7DF6-425E-9852-15112E4CF090} = {70BF19E7-4387-4A82-BFC8-11DD6C55B42A}
		{695D694D-CDD0-44F3-9406-42542C541F1E} = {70BF19E7-4387-4A82-BFC8-11DD6C55B42A}
		{FC3254C9-F0FD-4CAB-AD0E-89FBF7CE7EA2} = {70BF19E7-4387-4A82-BFC8-11DD6C55B42A}
		{BE54FDFF-3C56-4FD1-A266-BA84BEDE2BF8} = {70BF19E7-4387-4A82-BFC8-11DD6C55B42A}
		{C02CE1C2-2329-4321-8D1C-D62EFC227E60} = {70BF19E7-4387-4A82-BFC8-11DD6C55B42A}
		{E3D8759A-C5EB-402D-9F10-F5C6029A8D1A} = {70BF19E7-4387-4A82-BFC8-11DD6C55B42A}
		{277B6F7F-24D0-443D-9E6D-084FEADD52D2} = {70BF19E7-4387-4A82-BFC8-11DD6C55B42A}
		{E93922BB-3D49-422C-B95E-CF42B68DDDC8} = {70BF19E7-4387-4A82-BFC8-11DD6C55B42A}
	EndGlobalSection
EndGlobal
